
Microsoft Visual Studio Solution File, Format Version 12.00
# Visual Studio 14
VisualStudioVersion = 14.0.25420.1
MinimumVisualStudioVersion = 10.0.40219.1
Project("{FAE04EC0-301F-11D3-BF4B-00C04F79EFBC}") = "OnlineShoppingMVC", "OnlineShoppingMVC\OnlineShoppingMVC.csproj", "{24A90EA4-ABA2-4B7F-8294-2298E877E68C}"
EndProject
Project("{FAE04EC0-301F-11D3-BF4B-00C04F79EFBC}") = "OnlineShoppingMVC_Entity", "OnlineShoppingMVC_Entity\OnlineShoppingMVC_Entity.csproj", "{8A1F3E4A-B86F-4482-A8F6-0C85E4158A81}"
EndProject
Project("{FAE04EC0-301F-11D3-BF4B-00C04F79EFBC}") = "OnlineShoppingMVC_DAL", "OnlineShoppingMVC_DAL\OnlineShoppingMVC_DAL.csproj", "{1211CB81-2480-4068-8889-FF0AAEE8801B}"
EndProject
Global
	GlobalSection(SolutionConfigurationPlatforms) = preSolution
		Debug|Any CPU = Debug|Any CPU
		Release|Any CPU = Release|Any CPU
	EndGlobalSection
	GlobalSection(ProjectConfigurationPlatforms) = postSolution
		{24A90EA4-ABA2-4B7F-8294-2298E877E68C}.Debug|Any CPU.ActiveCfg = Debug|Any CPU
		{24A90EA4-ABA2-4B7F-8294-2298E877E68C}.Debug|Any CPU.Build.0 = Debug|Any CPU
		{24A90EA4-ABA2-4B7F-8294-2298E877E68C}.Release|Any CPU.ActiveCfg = Release|Any CPU
		{24A90EA4-ABA2-4B7F-8294-2298E877E68C}.Release|Any CPU.Build.0 = Release|Any CPU
		{8A1F3E4A-B86F-4482-A8F6-0C85E4158A81}.Debug|Any CPU.ActiveCfg = Debug|Any CPU
		{8A1F3E4A-B86F-4482-A8F6-0C85E4158A81}.Debug|Any CPU.Build.0 = Debug|Any CPU
		{8A1F3E4A-B86F-4482-A8F6-0C85E4158A81}.Release|Any CPU.ActiveCfg = Release|Any CPU
		{8A1F3E4A-B86F-4482-A8F6-0C85E4158A81}.Release|Any CPU.Build.0 = Release|Any CPU
		{1211CB81-2480-4068-8889-FF0AAEE8801B}.Debug|Any CPU.ActiveCfg = Debug|Any CPU
		{1211CB81-2480-4068-8889-FF0AAEE8801B}.Debug|Any CPU.Build.0 = Debug|Any CPU
		{1211CB81-2480-4068-8889-FF0AAEE8801B}.Release|Any CPU.ActiveCfg = Release|Any CPU
		{1211CB81-2480-4068-8889-FF0AAEE8801B}.Release|Any CPU.Build.0 = Release|Any CPU
	EndGlobalSection
	GlobalSection(SolutionProperties) = preSolution
		HideSolutionNode = FALSE
	EndGlobalSection
EndGlobal
